// !$*UTF8*$!
{
	archiveVersion = 1;
	classes = {
	};
	objectVersion = 46;
	objects = {

/* Begin PBXBuildFile section */
		160896311BC3F56300C9A0E0 /* FirebaseManager.m in Sources */ = {isa = PBXBuildFile; fileRef = 160896301BC3F56300C9A0E0 /* FirebaseManager.m */; };
		160896321BC3F56300C9A0E0 /* FirebaseManager.m in Sources */ = {isa = PBXBuildFile; fileRef = 160896301BC3F56300C9A0E0 /* FirebaseManager.m */; };
		1608964C1BC3F71800C9A0E0 /* Main.storyboard in Resources */ = {isa = PBXBuildFile; fileRef = 1608964B1BC3F71800C9A0E0 /* Main.storyboard */; };
		1608964D1BC3F71800C9A0E0 /* Main.storyboard in Resources */ = {isa = PBXBuildFile; fileRef = 1608964B1BC3F71800C9A0E0 /* Main.storyboard */; };
		160896521BC3F73B00C9A0E0 /* Inputbar.m in Sources */ = {isa = PBXBuildFile; fileRef = 1608964F1BC3F73B00C9A0E0 /* Inputbar.m */; };
		160896531BC3F73B00C9A0E0 /* Inputbar.m in Sources */ = {isa = PBXBuildFile; fileRef = 1608964F1BC3F73B00C9A0E0 /* Inputbar.m */; };
		160896541BC3F73B00C9A0E0 /* MessageCell.m in Sources */ = {isa = PBXBuildFile; fileRef = 160896511BC3F73B00C9A0E0 /* MessageCell.m */; };
		160896551BC3F73B00C9A0E0 /* MessageCell.m in Sources */ = {isa = PBXBuildFile; fileRef = 160896511BC3F73B00C9A0E0 /* MessageCell.m */; };
		160896591BC3F77900C9A0E0 /* DAKeyboardControl.m in Sources */ = {isa = PBXBuildFile; fileRef = 160896581BC3F77900C9A0E0 /* DAKeyboardControl.m */; };
		1608965A1BC3F77900C9A0E0 /* DAKeyboardControl.m in Sources */ = {isa = PBXBuildFile; fileRef = 160896581BC3F77900C9A0E0 /* DAKeyboardControl.m */; };
		1608965F1BC3F7A100C9A0E0 /* HPGrowingTextView.m in Sources */ = {isa = PBXBuildFile; fileRef = 1608965C1BC3F7A100C9A0E0 /* HPGrowingTextView.m */; };
		160896601BC3F7A100C9A0E0 /* HPGrowingTextView.m in Sources */ = {isa = PBXBuildFile; fileRef = 1608965C1BC3F7A100C9A0E0 /* HPGrowingTextView.m */; };
		160896611BC3F7A100C9A0E0 /* HPTextViewInternal.m in Sources */ = {isa = PBXBuildFile; fileRef = 1608965E1BC3F7A100C9A0E0 /* HPTextViewInternal.m */; };
		160896621BC3F7A100C9A0E0 /* HPTextViewInternal.m in Sources */ = {isa = PBXBuildFile; fileRef = 1608965E1BC3F7A100C9A0E0 /* HPTextViewInternal.m */; };
		161978F41BC2B400003E3B6F /* Firebase.framework in Frameworks */ = {isa = PBXBuildFile; fileRef = 161978F31BC2B400003E3B6F /* Firebase.framework */; };
		161978F51BC2B400003E3B6F /* Firebase.framework in Frameworks */ = {isa = PBXBuildFile; fileRef = 161978F31BC2B400003E3B6F /* Firebase.framework */; };
		161978F71BC2B543003E3B6F /* CoreGraphics.framework in Frameworks */ = {isa = PBXBuildFile; fileRef = 161978F61BC2B543003E3B6F /* CoreGraphics.framework */; };
		161978F91BC2B549003E3B6F /* SystemConfiguration.framework in Frameworks */ = {isa = PBXBuildFile; fileRef = 161978F81BC2B549003E3B6F /* SystemConfiguration.framework */; };
		161978FB1BC2B550003E3B6F /* libc++.dylib in Frameworks */ = {isa = PBXBuildFile; fileRef = 161978FA1BC2B550003E3B6F /* libc++.dylib */; };
		161978FD1BC2B557003E3B6F /* libicucore.dylib in Frameworks */ = {isa = PBXBuildFile; fileRef = 161978FC1BC2B557003E3B6F /* libicucore.dylib */; };
		161978FF1BC2B55C003E3B6F /* Security.framework in Frameworks */ = {isa = PBXBuildFile; fileRef = 161978FE1BC2B55C003E3B6F /* Security.framework */; };
		161979011BC2B561003E3B6F /* CFNetwork.framework in Frameworks */ = {isa = PBXBuildFile; fileRef = 161979001BC2B561003E3B6F /* CFNetwork.framework */; };
		161979081BC2B706003E3B6F /* AppDelegate.m in Sources */ = {isa = PBXBuildFile; fileRef = 161979051BC2B706003E3B6F /* AppDelegate.m */; };
		161979091BC2B706003E3B6F /* AppDelegate.m in Sources */ = {isa = PBXBuildFile; fileRef = 161979051BC2B706003E3B6F /* AppDelegate.m */; };
		16BA13201BC3FD4200E6ADB3 /* SVIndefiniteAnimatedView.m in Sources */ = {isa = PBXBuildFile; fileRef = 16BA131C1BC3FD4200E6ADB3 /* SVIndefiniteAnimatedView.m */; };
		16BA13211BC3FD4200E6ADB3 /* SVIndefiniteAnimatedView.m in Sources */ = {isa = PBXBuildFile; fileRef = 16BA131C1BC3FD4200E6ADB3 /* SVIndefiniteAnimatedView.m */; };
		16BA13221BC3FD4200E6ADB3 /* SVProgressHUD.bundle in Resources */ = {isa = PBXBuildFile; fileRef = 16BA131D1BC3FD4200E6ADB3 /* SVProgressHUD.bundle */; };
		16BA13231BC3FD4200E6ADB3 /* SVProgressHUD.bundle in Resources */ = {isa = PBXBuildFile; fileRef = 16BA131D1BC3FD4200E6ADB3 /* SVProgressHUD.bundle */; };
		16BA13241BC3FD4200E6ADB3 /* SVProgressHUD.m in Sources */ = {isa = PBXBuildFile; fileRef = 16BA131F1BC3FD4200E6ADB3 /* SVProgressHUD.m */; };
		16BA13251BC3FD4200E6ADB3 /* SVProgressHUD.m in Sources */ = {isa = PBXBuildFile; fileRef = 16BA131F1BC3FD4200E6ADB3 /* SVProgressHUD.m */; };
		16BA132B1BC3FE0D00E6ADB3 /* CreateUserViewController.m in Sources */ = {isa = PBXBuildFile; fileRef = 16BA13281BC3FE0D00E6ADB3 /* CreateUserViewController.m */; };
		16BA132C1BC3FE0D00E6ADB3 /* CreateUserViewController.m in Sources */ = {isa = PBXBuildFile; fileRef = 16BA13281BC3FE0D00E6ADB3 /* CreateUserViewController.m */; };
		16BA132D1BC3FE0D00E6ADB3 /* LoginViewController.m in Sources */ = {isa = PBXBuildFile; fileRef = 16BA132A1BC3FE0D00E6ADB3 /* LoginViewController.m */; };
		16BA132E1BC3FE0D00E6ADB3 /* LoginViewController.m in Sources */ = {isa = PBXBuildFile; fileRef = 16BA132A1BC3FE0D00E6ADB3 /* LoginViewController.m */; };
		16BA13371BC3FE3F00E6ADB3 /* UsersViewController.m in Sources */ = {isa = PBXBuildFile; fileRef = 16BA13341BC3FE3F00E6ADB3 /* UsersViewController.m */; };
		16BA13381BC3FE3F00E6ADB3 /* UsersViewController.m in Sources */ = {isa = PBXBuildFile; fileRef = 16BA13341BC3FE3F00E6ADB3 /* UsersViewController.m */; };
		16BA133B1BC3FE7F00E6ADB3 /* ViewController.m in Sources */ = {isa = PBXBuildFile; fileRef = 16BA133A1BC3FE7F00E6ADB3 /* ViewController.m */; };
		16BA133C1BC3FE7F00E6ADB3 /* ViewController.m in Sources */ = {isa = PBXBuildFile; fileRef = 16BA133A1BC3FE7F00E6ADB3 /* ViewController.m */; };
		16BA13401BC3FEBC00E6ADB3 /* HomeViewController.m in Sources */ = {isa = PBXBuildFile; fileRef = 16BA133F1BC3FEBC00E6ADB3 /* HomeViewController.m */; };
		16BA13411BC3FEBC00E6ADB3 /* HomeViewController.m in Sources */ = {isa = PBXBuildFile; fileRef = 16BA133F1BC3FEBC00E6ADB3 /* HomeViewController.m */; };
		16BA13451BC3FEE200E6ADB3 /* ConversationViewController.m in Sources */ = {isa = PBXBuildFile; fileRef = 16BA13441BC3FEE200E6ADB3 /* ConversationViewController.m */; };
		16BA13461BC3FEE200E6ADB3 /* ConversationViewController.m in Sources */ = {isa = PBXBuildFile; fileRef = 16BA13441BC3FEE200E6ADB3 /* ConversationViewController.m */; };
		16E095FC1BC2AF5300D96415 /* main.m in Sources */ = {isa = PBXBuildFile; fileRef = 16E095FB1BC2AF5300D96415 /* main.m */; };
		16E096021BC2AF5300D96415 /* ChatFBDemo.xcdatamodeld in Sources */ = {isa = PBXBuildFile; fileRef = 16E096001BC2AF5300D96415 /* ChatFBDemo.xcdatamodeld */; };
		16E0960A1BC2AF5300D96415 /* Images.xcassets in Resources */ = {isa = PBXBuildFile; fileRef = 16E096091BC2AF5300D96415 /* Images.xcassets */; };
		16E0960D1BC2AF5300D96415 /* LaunchScreen.xib in Resources */ = {isa = PBXBuildFile; fileRef = 16E0960B1BC2AF5300D96415 /* LaunchScreen.xib */; };
		16E096191BC2AF5300D96415 /* ChatFBDemoTests.m in Sources */ = {isa = PBXBuildFile; fileRef = 16E096181BC2AF5300D96415 /* ChatFBDemoTests.m */; };
/* End PBXBuildFile section */

/* Begin PBXContainerItemProxy section */
		16E096131BC2AF5300D96415 /* PBXContainerItemProxy */ = {
			isa = PBXContainerItemProxy;
			containerPortal = 16E095EE1BC2AF5300D96415 /* Project object */;
			proxyType = 1;
			remoteGlobalIDString = 16E095F51BC2AF5300D96415;
			remoteInfo = ChatFBDemo;
		};
/* End PBXContainerItemProxy section */

/* Begin PBXFileReference section */
		1608962F1BC3F56300C9A0E0 /* FirebaseManager.h */ = {isa = PBXFileReference; fileEncoding = 4; lastKnownFileType = sourcecode.c.h; path = FirebaseManager.h; sourceTree = "<group>"; };
		160896301BC3F56300C9A0E0 /* FirebaseManager.m */ = {isa = PBXFileReference; fileEncoding = 4; lastKnownFileType = sourcecode.c.objc; path = FirebaseManager.m; sourceTree = "<group>"; };
		1608964B1BC3F71800C9A0E0 /* Main.storyboard */ = {isa = PBXFileReference; fileEncoding = 4; lastKnownFileType = file.storyboard; path = Main.storyboard; sourceTree = "<group>"; };
		1608964E1BC3F73B00C9A0E0 /* Inputbar.h */ = {isa = PBXFileReference; fileEncoding = 4; lastKnownFileType = sourcecode.c.h; path = Inputbar.h; sourceTree = "<group>"; };
		1608964F1BC3F73B00C9A0E0 /* Inputbar.m */ = {isa = PBXFileReference; fileEncoding = 4; lastKnownFileType = sourcecode.c.objc; path = Inputbar.m; sourceTree = "<group>"; };
		160896501BC3F73B00C9A0E0 /* MessageCell.h */ = {isa = PBXFileReference; fileEncoding = 4; lastKnownFileType = sourcecode.c.h; path = MessageCell.h; sourceTree = "<group>"; };
		160896511BC3F73B00C9A0E0 /* MessageCell.m */ = {isa = PBXFileReference; fileEncoding = 4; lastKnownFileType = sourcecode.c.objc; path = MessageCell.m; sourceTree = "<group>"; };
		160896571BC3F77900C9A0E0 /* DAKeyboardControl.h */ = {isa = PBXFileReference; fileEncoding = 4; lastKnownFileType = sourcecode.c.h; path = DAKeyboardControl.h; sourceTree = "<group>"; };
		160896581BC3F77900C9A0E0 /* DAKeyboardControl.m */ = {isa = PBXFileReference; fileEncoding = 4; lastKnownFileType = sourcecode.c.objc; path = DAKeyboardControl.m; sourceTree = "<group>"; };
		1608965B1BC3F7A100C9A0E0 /* HPGrowingTextView.h */ = {isa = PBXFileReference; fileEncoding = 4; lastKnownFileType = sourcecode.c.h; path = HPGrowingTextView.h; sourceTree = "<group>"; };
		1608965C1BC3F7A100C9A0E0 /* HPGrowingTextView.m */ = {isa = PBXFileReference; fileEncoding = 4; lastKnownFileType = sourcecode.c.objc; path = HPGrowingTextView.m; sourceTree = "<group>"; };
		1608965D1BC3F7A100C9A0E0 /* HPTextViewInternal.h */ = {isa = PBXFileReference; fileEncoding = 4; lastKnownFileType = sourcecode.c.h; path = HPTextViewInternal.h; sourceTree = "<group>"; };
		1608965E1BC3F7A100C9A0E0 /* HPTextViewInternal.m */ = {isa = PBXFileReference; fileEncoding = 4; lastKnownFileType = sourcecode.c.objc; path = HPTextViewInternal.m; sourceTree = "<group>"; };
		161978F31BC2B400003E3B6F /* Firebase.framework */ = {isa = PBXFileReference; lastKnownFileType = wrapper.framework; path = Firebase.framework; sourceTree = "<group>"; };
		161978F61BC2B543003E3B6F /* CoreGraphics.framework */ = {isa = PBXFileReference; lastKnownFileType = wrapper.framework; name = CoreGraphics.framework; path = System/Library/Frameworks/CoreGraphics.framework; sourceTree = SDKROOT; };
		161978F81BC2B549003E3B6F /* SystemConfiguration.framework */ = {isa = PBXFileReference; lastKnownFileType = wrapper.framework; name = SystemConfiguration.framework; path = System/Library/Frameworks/SystemConfiguration.framework; sourceTree = SDKROOT; };
		161978FA1BC2B550003E3B6F /* libc++.dylib */ = {isa = PBXFileReference; lastKnownFileType = "compiled.mach-o.dylib"; name = "libc++.dylib"; path = "usr/lib/libc++.dylib"; sourceTree = SDKROOT; };
		161978FC1BC2B557003E3B6F /* libicucore.dylib */ = {isa = PBXFileReference; lastKnownFileType = "compiled.mach-o.dylib"; name = libicucore.dylib; path = usr/lib/libicucore.dylib; sourceTree = SDKROOT; };
		161978FE1BC2B55C003E3B6F /* Security.framework */ = {isa = PBXFileReference; lastKnownFileType = wrapper.framework; name = Security.framework; path = System/Library/Frameworks/Security.framework; sourceTree = SDKROOT; };
		161979001BC2B561003E3B6F /* CFNetwork.framework */ = {isa = PBXFileReference; lastKnownFileType = wrapper.framework; name = CFNetwork.framework; path = System/Library/Frameworks/CFNetwork.framework; sourceTree = SDKROOT; };
		161979041BC2B706003E3B6F /* AppDelegate.h */ = {isa = PBXFileReference; fileEncoding = 4; lastKnownFileType = sourcecode.c.h; path = AppDelegate.h; sourceTree = "<group>"; };
		161979051BC2B706003E3B6F /* AppDelegate.m */ = {isa = PBXFileReference; fileEncoding = 4; lastKnownFileType = sourcecode.c.objc; path = AppDelegate.m; sourceTree = "<group>"; };
		16BA131B1BC3FD4200E6ADB3 /* SVIndefiniteAnimatedView.h */ = {isa = PBXFileReference; fileEncoding = 4; lastKnownFileType = sourcecode.c.h; path = SVIndefiniteAnimatedView.h; sourceTree = "<group>"; };
		16BA131C1BC3FD4200E6ADB3 /* SVIndefiniteAnimatedView.m */ = {isa = PBXFileReference; fileEncoding = 4; lastKnownFileType = sourcecode.c.objc; path = SVIndefiniteAnimatedView.m; sourceTree = "<group>"; };
		16BA131D1BC3FD4200E6ADB3 /* SVProgressHUD.bundle */ = {isa = PBXFileReference; lastKnownFileType = "wrapper.plug-in"; path = SVProgressHUD.bundle; sourceTree = "<group>"; };
		16BA131E1BC3FD4200E6ADB3 /* SVProgressHUD.h */ = {isa = PBXFileReference; fileEncoding = 4; lastKnownFileType = sourcecode.c.h; path = SVProgressHUD.h; sourceTree = "<group>"; };
		16BA131F1BC3FD4200E6ADB3 /* SVProgressHUD.m */ = {isa = PBXFileReference; fileEncoding = 4; lastKnownFileType = sourcecode.c.objc; path = SVProgressHUD.m; sourceTree = "<group>"; };
		16BA13271BC3FE0D00E6ADB3 /* CreateUserViewController.h */ = {isa = PBXFileReference; fileEncoding = 4; lastKnownFileType = sourcecode.c.h; path = CreateUserViewController.h; sourceTree = "<group>"; };
		16BA13281BC3FE0D00E6ADB3 /* CreateUserViewController.m */ = {isa = PBXFileReference; fileEncoding = 4; lastKnownFileType = sourcecode.c.objc; path = CreateUserViewController.m; sourceTree = "<group>"; };
		16BA13291BC3FE0D00E6ADB3 /* LoginViewController.h */ = {isa = PBXFileReference; fileEncoding = 4; lastKnownFileType = sourcecode.c.h; path = LoginViewController.h; sourceTree = "<group>"; };
		16BA132A1BC3FE0D00E6ADB3 /* LoginViewController.m */ = {isa = PBXFileReference; fileEncoding = 4; lastKnownFileType = sourcecode.c.objc; path = LoginViewController.m; sourceTree = "<group>"; };
		16BA13331BC3FE3F00E6ADB3 /* UsersViewController.h */ = {isa = PBXFileReference; fileEncoding = 4; lastKnownFileType = sourcecode.c.h; path = UsersViewController.h; sourceTree = "<group>"; };
		16BA13341BC3FE3F00E6ADB3 /* UsersViewController.m */ = {isa = PBXFileReference; fileEncoding = 4; lastKnownFileType = sourcecode.c.objc; path = UsersViewController.m; sourceTree = "<group>"; };
		16BA13391BC3FE7F00E6ADB3 /* ViewController.h */ = {isa = PBXFileReference; fileEncoding = 4; lastKnownFileType = sourcecode.c.h; path = ViewController.h; sourceTree = "<group>"; };
		16BA133A1BC3FE7F00E6ADB3 /* ViewController.m */ = {isa = PBXFileReference; fileEncoding = 4; lastKnownFileType = sourcecode.c.objc; path = ViewController.m; sourceTree = "<group>"; };
		16BA133E1BC3FEBC00E6ADB3 /* HomeViewController.h */ = {isa = PBXFileReference; fileEncoding = 4; lastKnownFileType = sourcecode.c.h; path = HomeViewController.h; sourceTree = "<group>"; };
		16BA133F1BC3FEBC00E6ADB3 /* HomeViewController.m */ = {isa = PBXFileReference; fileEncoding = 4; lastKnownFileType = sourcecode.c.objc; path = HomeViewController.m; sourceTree = "<group>"; };
		16BA13431BC3FEE200E6ADB3 /* ConversationViewController.h */ = {isa = PBXFileReference; fileEncoding = 4; lastKnownFileType = sourcecode.c.h; path = ConversationViewController.h; sourceTree = "<group>"; };
		16BA13441BC3FEE200E6ADB3 /* ConversationViewController.m */ = {isa = PBXFileReference; fileEncoding = 4; lastKnownFileType = sourcecode.c.objc; path = ConversationViewController.m; sourceTree = "<group>"; };
		16E095F61BC2AF5300D96415 /* ChatFBDemo.app */ = {isa = PBXFileReference; explicitFileType = wrapper.application; includeInIndex = 0; path = ChatFBDemo.app; sourceTree = BUILT_PRODUCTS_DIR; };
		16E095FA1BC2AF5300D96415 /* Info.plist */ = {isa = PBXFileReference; lastKnownFileType = text.plist.xml; path = Info.plist; sourceTree = "<group>"; };
		16E095FB1BC2AF5300D96415 /* main.m */ = {isa = PBXFileReference; lastKnownFileType = sourcecode.c.objc; path = main.m; sourceTree = "<group>"; };
		16E096011BC2AF5300D96415 /* ChatFBDemo.xcdatamodel */ = {isa = PBXFileReference; lastKnownFileType = wrapper.xcdatamodel; path = ChatFBDemo.xcdatamodel; sourceTree = "<group>"; };
		16E096091BC2AF5300D96415 /* Images.xcassets */ = {isa = PBXFileReference; lastKnownFileType = folder.assetcatalog; path = Images.xcassets; sourceTree = "<group>"; };
		16E0960C1BC2AF5300D96415 /* Base */ = {isa = PBXFileReference; lastKnownFileType = file.xib; name = Base; path = Base.lproj/LaunchScreen.xib; sourceTree = "<group>"; };
		16E096121BC2AF5300D96415 /* ChatFBDemoTests.xctest */ = {isa = PBXFileReference; explicitFileType = wrapper.cfbundle; includeInIndex = 0; path = ChatFBDemoTests.xctest; sourceTree = BUILT_PRODUCTS_DIR; };
		16E096171BC2AF5300D96415 /* Info.plist */ = {isa = PBXFileReference; lastKnownFileType = text.plist.xml; path = Info.plist; sourceTree = "<group>"; };
		16E096181BC2AF5300D96415 /* ChatFBDemoTests.m */ = {isa = PBXFileReference; lastKnownFileType = sourcecode.c.objc; path = ChatFBDemoTests.m; sourceTree = "<group>"; };
/* End PBXFileReference section */

/* Begin PBXFrameworksBuildPhase section */
		16E095F31BC2AF5300D96415 /* Frameworks */ = {
			isa = PBXFrameworksBuildPhase;
			buildActionMask = 2147483647;
			files = (
				161979011BC2B561003E3B6F /* CFNetwork.framework in Frameworks */,
				161978FF1BC2B55C003E3B6F /* Security.framework in Frameworks */,
				161978FD1BC2B557003E3B6F /* libicucore.dylib in Frameworks */,
				161978FB1BC2B550003E3B6F /* libc++.dylib in Frameworks */,
				161978F91BC2B549003E3B6F /* SystemConfiguration.framework in Frameworks */,
				161978F71BC2B543003E3B6F /* CoreGraphics.framework in Frameworks */,
				161978F41BC2B400003E3B6F /* Firebase.framework in Frameworks */,
			);
			runOnlyForDeploymentPostprocessing = 0;
		};
		16E0960F1BC2AF5300D96415 /* Frameworks */ = {
			isa = PBXFrameworksBuildPhase;
			buildActionMask = 2147483647;
			files = (
				161978F51BC2B400003E3B6F /* Firebase.framework in Frameworks */,
			);
			runOnlyForDeploymentPostprocessing = 0;
		};
/* End PBXFrameworksBuildPhase section */

/* Begin PBXGroup section */
		160896561BC3F77900C9A0E0 /* Library */ = {
			isa = PBXGroup;
			children = (
				16BA131A1BC3FD4200E6ADB3 /* SVProgressHUD */,
				1608965B1BC3F7A100C9A0E0 /* HPGrowingTextView.h */,
				1608965C1BC3F7A100C9A0E0 /* HPGrowingTextView.m */,
				1608965D1BC3F7A100C9A0E0 /* HPTextViewInternal.h */,
				1608965E1BC3F7A100C9A0E0 /* HPTextViewInternal.m */,
				160896571BC3F77900C9A0E0 /* DAKeyboardControl.h */,
				160896581BC3F77900C9A0E0 /* DAKeyboardControl.m */,
			);
			path = Library;
			sourceTree = "<group>";
		};
		161979021BC2B6C5003E3B6F /* FrameWorks */ = {
			isa = PBXGroup;
			children = (
				161979001BC2B561003E3B6F /* CFNetwork.framework */,
				161978FE1BC2B55C003E3B6F /* Security.framework */,
				161978FC1BC2B557003E3B6F /* libicucore.dylib */,
				161978FA1BC2B550003E3B6F /* libc++.dylib */,
				161978F81BC2B549003E3B6F /* SystemConfiguration.framework */,
				161978F61BC2B543003E3B6F /* CoreGraphics.framework */,
				161978F31BC2B400003E3B6F /* Firebase.framework */,
			);
			name = FrameWorks;
			sourceTree = "<group>";
		};
		161979031BC2B706003E3B6F /* VMC */ = {
			isa = PBXGroup;
			children = (
				161979041BC2B706003E3B6F /* AppDelegate.h */,
				161979051BC2B706003E3B6F /* AppDelegate.m */,
				1619790C1BC2B729003E3B6F /* Controller */,
				1619790F1BC2B729003E3B6F /* Model */,
				161979101BC2B729003E3B6F /* View */,
			);
			path = VMC;
			sourceTree = "<group>";
		};
		1619790C1BC2B729003E3B6F /* Controller */ = {
			isa = PBXGroup;
			children = (
				16BA13261BC3FE0D00E6ADB3 /* LoginRegistration */,
				16BA133D1BC3FEBC00E6ADB3 /* ResentChat */,
				16BA13321BC3FE3F00E6ADB3 /* UserList */,
				16BA13421BC3FEE200E6ADB3 /* Chat */,
			);
			path = Controller;
			sourceTree = "<group>";
		};
		1619790F1BC2B729003E3B6F /* Model */ = {
			isa = PBXGroup;
			children = (
				1608962F1BC3F56300C9A0E0 /* FirebaseManager.h */,
				160896301BC3F56300C9A0E0 /* FirebaseManager.m */,
			);
			path = Model;
			sourceTree = "<group>";
		};
		161979101BC2B729003E3B6F /* View */ = {
			isa = PBXGroup;
			children = (
				1608964E1BC3F73B00C9A0E0 /* Inputbar.h */,
				1608964F1BC3F73B00C9A0E0 /* Inputbar.m */,
				160896501BC3F73B00C9A0E0 /* MessageCell.h */,
				160896511BC3F73B00C9A0E0 /* MessageCell.m */,
			);
			path = View;
			sourceTree = "<group>";
		};
		16BA131A1BC3FD4200E6ADB3 /* SVProgressHUD */ = {
			isa = PBXGroup;
			children = (
				16BA131B1BC3FD4200E6ADB3 /* SVIndefiniteAnimatedView.h */,
				16BA131C1BC3FD4200E6ADB3 /* SVIndefiniteAnimatedView.m */,
				16BA131D1BC3FD4200E6ADB3 /* SVProgressHUD.bundle */,
				16BA131E1BC3FD4200E6ADB3 /* SVProgressHUD.h */,
				16BA131F1BC3FD4200E6ADB3 /* SVProgressHUD.m */,
			);
			path = SVProgressHUD;
			sourceTree = "<group>";
		};
		16BA13261BC3FE0D00E6ADB3 /* LoginRegistration */ = {
			isa = PBXGroup;
			children = (
				16BA13391BC3FE7F00E6ADB3 /* ViewController.h */,
				16BA133A1BC3FE7F00E6ADB3 /* ViewController.m */,
				16BA13271BC3FE0D00E6ADB3 /* CreateUserViewController.h */,
				16BA13281BC3FE0D00E6ADB3 /* CreateUserViewController.m */,
				16BA13291BC3FE0D00E6ADB3 /* LoginViewController.h */,
				16BA132A1BC3FE0D00E6ADB3 /* LoginViewController.m */,
			);
			path = LoginRegistration;
			sourceTree = "<group>";
		};
		16BA13321BC3FE3F00E6ADB3 /* UserList */ = {
			isa = PBXGroup;
			children = (
				16BA13331BC3FE3F00E6ADB3 /* UsersViewController.h */,
				16BA13341BC3FE3F00E6ADB3 /* UsersViewController.m */,
			);
			path = UserList;
			sourceTree = "<group>";
		};
		16BA133D1BC3FEBC00E6ADB3 /* ResentChat */ = {
			isa = PBXGroup;
			children = (
				16BA133E1BC3FEBC00E6ADB3 /* HomeViewController.h */,
				16BA133F1BC3FEBC00E6ADB3 /* HomeViewController.m */,
			);
			path = ResentChat;
			sourceTree = "<group>";
		};
		16BA13421BC3FEE200E6ADB3 /* Chat */ = {
			isa = PBXGroup;
			children = (
				16BA13431BC3FEE200E6ADB3 /* ConversationViewController.h */,
				16BA13441BC3FEE200E6ADB3 /* ConversationViewController.m */,
			);
			path = Chat;
			sourceTree = "<group>";
		};
		16E095ED1BC2AF5300D96415 = {
			isa = PBXGroup;
			children = (
				16E095F81BC2AF5300D96415 /* ChatFBDemo */,
				16E096151BC2AF5300D96415 /* ChatFBDemoTests */,
				16E095F71BC2AF5300D96415 /* Products */,
			);
			sourceTree = "<group>";
		};
		16E095F71BC2AF5300D96415 /* Products */ = {
			isa = PBXGroup;
			children = (
				16E095F61BC2AF5300D96415 /* ChatFBDemo.app */,
				16E096121BC2AF5300D96415 /* ChatFBDemoTests.xctest */,
			);
			name = Products;
			sourceTree = "<group>";
		};
		16E095F81BC2AF5300D96415 /* ChatFBDemo */ = {
			isa = PBXGroup;
			children = (
				160896561BC3F77900C9A0E0 /* Library */,
				161979031BC2B706003E3B6F /* VMC */,
				161979021BC2B6C5003E3B6F /* FrameWorks */,
				16E096091BC2AF5300D96415 /* Images.xcassets */,
				1608964B1BC3F71800C9A0E0 /* Main.storyboard */,
				16E0960B1BC2AF5300D96415 /* LaunchScreen.xib */,
				16E096001BC2AF5300D96415 /* ChatFBDemo.xcdatamodeld */,
				16E095F91BC2AF5300D96415 /* Supporting Files */,
			);
			path = ChatFBDemo;
			sourceTree = "<group>";
		};
		16E095F91BC2AF5300D96415 /* Supporting Files */ = {
			isa = PBXGroup;
			children = (
				16E095FA1BC2AF5300D96415 /* Info.plist */,
				16E095FB1BC2AF5300D96415 /* main.m */,
			);
			name = "Supporting Files";
			sourceTree = "<group>";
		};
		16E096151BC2AF5300D96415 /* ChatFBDemoTests */ = {
			isa = PBXGroup;
			children = (
				16E096181BC2AF5300D96415 /* ChatFBDemoTests.m */,
				16E096161BC2AF5300D96415 /* Supporting Files */,
			);
			path = ChatFBDemoTests;
			sourceTree = "<group>";
		};
		16E096161BC2AF5300D96415 /* Supporting Files */ = {
			isa = PBXGroup;
			children = (
				16E096171BC2AF5300D96415 /* Info.plist */,
			);
			name = "Supporting Files";
			sourceTree = "<group>";
		};
/* End PBXGroup section */

/* Begin PBXNativeTarget section */
		16E095F51BC2AF5300D96415 /* ChatFBDemo */ = {
			isa = PBXNativeTarget;
			buildConfigurationList = 16E0961C1BC2AF5300D96415 /* Build configuration list for PBXNativeTarget "ChatFBDemo" */;
			buildPhases = (
				16E095F21BC2AF5300D96415 /* Sources */,
				16E095F31BC2AF5300D96415 /* Frameworks */,
				16E095F41BC2AF5300D96415 /* Resources */,
			);
			buildRules = (
			);
			dependencies = (
			);
			name = ChatFBDemo;
			productName = ChatFBDemo;
			productReference = 16E095F61BC2AF5300D96415 /* ChatFBDemo.app */;
			productType = "com.apple.product-type.application";
		};
		16E096111BC2AF5300D96415 /* ChatFBDemoTests */ = {
			isa = PBXNativeTarget;
			buildConfigurationList = 16E0961F1BC2AF5300D96415 /* Build configuration list for PBXNativeTarget "ChatFBDemoTests" */;
			buildPhases = (
				16E0960E1BC2AF5300D96415 /* Sources */,
				16E0960F1BC2AF5300D96415 /* Frameworks */,
				16E096101BC2AF5300D96415 /* Resources */,
			);
			buildRules = (
			);
			dependencies = (
				16E096141BC2AF5300D96415 /* PBXTargetDependency */,
			);
			name = ChatFBDemoTests;
			productName = ChatFBDemoTests;
			productReference = 16E096121BC2AF5300D96415 /* ChatFBDemoTests.xctest */;
			productType = "com.apple.product-type.bundle.unit-test";
		};
/* End PBXNativeTarget section */

/* Begin PBXProject section */
		16E095EE1BC2AF5300D96415 /* Project object */ = {
			isa = PBXProject;
			attributes = {
				LastUpgradeCheck = 0640;
				ORGANIZATIONNAME = "kETAN pATEL";
				TargetAttributes = {
					16E095F51BC2AF5300D96415 = {
						CreatedOnToolsVersion = 6.4;
					};
					16E096111BC2AF5300D96415 = {
						CreatedOnToolsVersion = 6.4;
						TestTargetID = 16E095F51BC2AF5300D96415;
					};
				};
			};
			buildConfigurationList = 16E095F11BC2AF5300D96415 /* Build configuration list for PBXProject "ChatFBDemo" */;
			compatibilityVersion = "Xcode 3.2";
			developmentRegion = English;
			hasScannedForEncodings = 0;
			knownRegions = (
				en,
				Base,
			);
			mainGroup = 16E095ED1BC2AF5300D96415;
			productRefGroup = 16E095F71BC2AF5300D96415 /* Products */;
			projectDirPath = "";
			projectRoot = "";
			targets = (
				16E095F51BC2AF5300D96415 /* ChatFBDemo */,
				16E096111BC2AF5300D96415 /* ChatFBDemoTests */,
			);
		};
/* End PBXProject section */

/* Begin PBXResourcesBuildPhase section */
		16E095F41BC2AF5300D96415 /* Resources */ = {
			isa = PBXResourcesBuildPhase;
			buildActionMask = 2147483647;
			files = (
				1608964C1BC3F71800C9A0E0 /* Main.storyboard in Resources */,
				16E0960D1BC2AF5300D96415 /* LaunchScreen.xib in Resources */,
				16E0960A1BC2AF5300D96415 /* Images.xcassets in Resources */,
				16BA13221BC3FD4200E6ADB3 /* SVProgressHUD.bundle in Resources */,
			);
			runOnlyForDeploymentPostprocessing = 0;
		};
		16E096101BC2AF5300D96415 /* Resources */ = {
			isa = PBXResourcesBuildPhase;
			buildActionMask = 2147483647;
			files = (
				1608964D1BC3F71800C9A0E0 /* Main.storyboard in Resources */,
				16BA13231BC3FD4200E6ADB3 /* SVProgressHUD.bundle in Resources */,
			);
			runOnlyForDeploymentPostprocessing = 0;
		};
/* End PBXResourcesBuildPhase section */

/* Begin PBXSourcesBuildPhase section */
		16E095F21BC2AF5300D96415 /* Sources */ = {
			isa = PBXSourcesBuildPhase;
			buildActionMask = 2147483647;
			files = (
				16BA133B1BC3FE7F00E6ADB3 /* ViewController.m in Sources */,
				16E096021BC2AF5300D96415 /* ChatFBDemo.xcdatamodeld in Sources */,
				16E095FC1BC2AF5300D96415 /* main.m in Sources */,
				160896591BC3F77900C9A0E0 /* DAKeyboardControl.m in Sources */,
				16BA13371BC3FE3F00E6ADB3 /* UsersViewController.m in Sources */,
				16BA13241BC3FD4200E6ADB3 /* SVProgressHUD.m in Sources */,
				160896311BC3F56300C9A0E0 /* FirebaseManager.m in Sources */,
				16BA13401BC3FEBC00E6ADB3 /* HomeViewController.m in Sources */,
				16BA132D1BC3FE0D00E6ADB3 /* LoginViewController.m in Sources */,
				16BA132B1BC3FE0D00E6ADB3 /* CreateUserViewController.m in Sources */,
				161979081BC2B706003E3B6F /* AppDelegate.m in Sources */,
				160896611BC3F7A100C9A0E0 /* HPTextViewInternal.m in Sources */,
				1608965F1BC3F7A100C9A0E0 /* HPGrowingTextView.m in Sources */,
				16BA13201BC3FD4200E6ADB3 /* SVIndefiniteAnimatedView.m in Sources */,
				16BA13451BC3FEE200E6ADB3 /* ConversationViewController.m in Sources */,
				160896521BC3F73B00C9A0E0 /* Inputbar.m in Sources */,
				160896541BC3F73B00C9A0E0 /* MessageCell.m in Sources */,
			);
			runOnlyForDeploymentPostprocessing = 0;
		};
		16E0960E1BC2AF5300D96415 /* Sources */ = {
			isa = PBXSourcesBuildPhase;
			buildActionMask = 2147483647;
			files = (
				16BA13381BC3FE3F00E6ADB3 /* UsersViewController.m in Sources */,
				16BA13461BC3FEE200E6ADB3 /* ConversationViewController.m in Sources */,
				1608965A1BC3F77900C9A0E0 /* DAKeyboardControl.m in Sources */,
				160896321BC3F56300C9A0E0 /* FirebaseManager.m in Sources */,
				16BA13211BC3FD4200E6ADB3 /* SVIndefiniteAnimatedView.m in Sources */,
				160896601BC3F7A100C9A0E0 /* HPGrowingTextView.m in Sources */,
				160896621BC3F7A100C9A0E0 /* HPTextViewInternal.m in Sources */,
				16BA132E1BC3FE0D00E6ADB3 /* LoginViewController.m in Sources */,
				16BA13411BC3FEBC00E6ADB3 /* HomeViewController.m in Sources */,
				161979091BC2B706003E3B6F /* AppDelegate.m in Sources */,
				16BA132C1BC3FE0D00E6ADB3 /* CreateUserViewController.m in Sources */,
				16BA133C1BC3FE7F00E6ADB3 /* ViewController.m in Sources */,
				16BA13251BC3FD4200E6ADB3 /* SVProgressHUD.m in Sources */,
				16E096191BC2AF5300D96415 /* ChatFBDemoTests.m in Sources */,
				160896551BC3F73B00C9A0E0 /* MessageCell.m in Sources */,
				160896531BC3F73B00C9A0E0 /* Inputbar.m in Sources */,
			);
			runOnlyForDeploymentPostprocessing = 0;
		};
/* End PBXSourcesBuildPhase section */

/* Begin PBXTargetDependency section */
		16E096141BC2AF5300D96415 /* PBXTargetDependency */ = {
			isa = PBXTargetDependency;
			target = 16E095F51BC2AF5300D96415 /* ChatFBDemo */;
			targetProxy = 16E096131BC2AF5300D96415 /* PBXContainerItemProxy */;
		};
/* End PBXTargetDependency section */

/* Begin PBXVariantGroup section */
		16E0960B1BC2AF5300D96415 /* LaunchScreen.xib */ = {
			isa = PBXVariantGroup;
			children = (
				16E0960C1BC2AF5300D96415 /* Base */,
			);
			name = LaunchScreen.xib;
			sourceTree = "<group>";
		};
/* End PBXVariantGroup section */

/* Begin XCBuildConfiguration section */
		16E0961A1BC2AF5300D96415 /* Debug */ = {
			isa = XCBuildConfiguration;
			buildSettings = {
				ALWAYS_SEARCH_USER_PATHS = NO;
				CLANG_CXX_LANGUAGE_STANDARD = "gnu++0x";
				CLANG_CXX_LIBRARY = "libc++";
				CLANG_ENABLE_MODULES = YES;
				CLANG_ENABLE_OBJC_ARC = YES;
				CLANG_WARN_BOOL_CONVERSION = YES;
				CLANG_WARN_CONSTANT_CONVERSION = YES;
				CLANG_WARN_DIRECT_OBJC_ISA_USAGE = YES_ERROR;
				CLANG_WARN_EMPTY_BODY = YES;
				CLANG_WARN_ENUM_CONVERSION = YES;
				CLANG_WARN_INT_CONVERSION = YES;
				CLANG_WARN_OBJC_ROOT_CLASS = YES_ERROR;
				CLANG_WARN_UNREACHABLE_CODE = YES;
				CLANG_WARN__DUPLICATE_METHOD_MATCH = YES;
				"CODE_SIGN_IDENTITY[sdk=iphoneos*]" = "iPhone Developer";
				COPY_PHASE_STRIP = NO;
				DEBUG_INFORMATION_FORMAT = "dwarf-with-dsym";
				ENABLE_STRICT_OBJC_MSGSEND = YES;
				GCC_C_LANGUAGE_STANDARD = gnu99;
				GCC_DYNAMIC_NO_PIC = NO;
				GCC_NO_COMMON_BLOCKS = YES;
				GCC_OPTIMIZATION_LEVEL = 0;
				GCC_PREPROCESSOR_DEFINITIONS = (
					"DEBUG=1",
					"$(inherited)",
				);
				GCC_SYMBOLS_PRIVATE_EXTERN = NO;
				GCC_WARN_64_TO_32_BIT_CONVERSION = YES;
				GCC_WARN_ABOUT_RETURN_TYPE = YES_ERROR;
				GCC_WARN_UNDECLARED_SELECTOR = YES;
				GCC_WARN_UNINITIALIZED_AUTOS = YES_AGGRESSIVE;
				GCC_WARN_UNUSED_FUNCTION = YES;
				GCC_WARN_UNUSED_VARIABLE = YES;
				IPHONEOS_DEPLOYMENT_TARGET = 7.1;
				MTL_ENABLE_DEBUG_INFO = YES;
				ONLY_ACTIVE_ARCH = YES;
				SDKROOT = iphoneos;
			};
			name = Debug;
		};
		16E0961B1BC2AF5300D96415 /* Release */ = {
			isa = XCBuildConfiguration;
			buildSettings = {
				ALWAYS_SEARCH_USER_PATHS = NO;
				CLANG_CXX_LANGUAGE_STANDARD = "gnu++0x";
				CLANG_CXX_LIBRARY = "libc++";
				CLANG_ENABLE_MODULES = YES;
				CLANG_ENABLE_OBJC_ARC = YES;
				CLANG_WARN_BOOL_CONVERSION = YES;
				CLANG_WARN_CONSTANT_CONVERSION = YES;
				CLANG_WARN_DIRECT_OBJC_ISA_USAGE = YES_ERROR;
				CLANG_WARN_EMPTY_BODY = YES;
				CLANG_WARN_ENUM_CONVERSION = YES;
				CLANG_WARN_INT_CONVERSION = YES;
				CLANG_WARN_OBJC_ROOT_CLASS = YES_ERROR;
				CLANG_WARN_UNREACHABLE_CODE = YES;
				CLANG_WARN__DUPLICATE_METHOD_MATCH = YES;
				"CODE_SIGN_IDENTITY[sdk=iphoneos*]" = "iPhone Developer";
				COPY_PHASE_STRIP = NO;
				DEBUG_INFORMATION_FORMAT = "dwarf-with-dsym";
				ENABLE_NS_ASSERTIONS = NO;
				ENABLE_STRICT_OBJC_MSGSEND = YES;
				GCC_C_LANGUAGE_STANDARD = gnu99;
				GCC_NO_COMMON_BLOCKS = YES;
				GCC_WARN_64_TO_32_BIT_CONVERSION = YES;
				GCC_WARN_ABOUT_RETURN_TYPE = YES_ERROR;
				GCC_WARN_UNDECLARED_SELECTOR = YES;
				GCC_WARN_UNINITIALIZED_AUTOS = YES_AGGRESSIVE;
				GCC_WARN_UNUSED_FUNCTION = YES;
				GCC_WARN_UNUSED_VARIABLE = YES;
				IPHONEOS_DEPLOYMENT_TARGET = 7.1;
				MTL_ENABLE_DEBUG_INFO = NO;
				SDKROOT = iphoneos;
				VALIDATE_PRODUCT = YES;
			};
			name = Release;
		};
		16E0961D1BC2AF5300D96415 /* Debug */ = {
			isa = XCBuildConfiguration;
			buildSettings = {
				ASSETCATALOG_COMPILER_APPICON_NAME = AppIcon;
				FRAMEWORK_SEARCH_PATHS = (
					"$(inherited)",
					"$(PROJECT_DIR)/ChatFBDemo",
				);
				INFOPLIST_FILE = ChatFBDemo/Info.plist;
				IPHONEOS_DEPLOYMENT_TARGET = 7.1;
				LD_RUNPATH_SEARCH_PATHS = "$(inherited) @executable_path/Frameworks";
				PRODUCT_NAME = "$(TARGET_NAME)";
			};
			name = Debug;
		};
		16E0961E1BC2AF5300D96415 /* Release */ = {
			isa = XCBuildConfiguration;
			buildSettings = {
				ASSETCATALOG_COMPILER_APPICON_NAME = AppIcon;
				FRAMEWORK_SEARCH_PATHS = (
					"$(inherited)",
					"$(PROJECT_DIR)/ChatFBDemo",
				);
				INFOPLIST_FILE = ChatFBDemo/Info.plist;
				IPHONEOS_DEPLOYMENT_TARGET = 7.1;
				LD_RUNPATH_SEARCH_PATHS = "$(inherited) @executable_path/Frameworks";
				PRODUCT_NAME = "$(TARGET_NAME)";
			};
			name = Release;
		};
		16E096201BC2AF5300D96415 /* Debug */ = {
			isa = XCBuildConfiguration;
			buildSettings = {
				BUNDLE_LOADER = "$(TEST_HOST)";
				FRAMEWORK_SEARCH_PATHS = (
					"$(SDKROOT)/Developer/Library/Frameworks",
					"$(inherited)",
					"$(PROJECT_DIR)/ChatFBDemo",
				);
				GCC_PREPROCESSOR_DEFINITIONS = (
					"DEBUG=1",
					"$(inherited)",
				);
				INFOPLIST_FILE = ChatFBDemoTests/Info.plist;
				LD_RUNPATH_SEARCH_PATHS = "$(inherited) @executable_path/Frameworks @loader_path/Frameworks";
				PRODUCT_NAME = "$(TARGET_NAME)";
				TEST_HOST = "$(BUILT_PRODUCTS_DIR)/ChatFBDemo.app/ChatFBDemo";
			};
			name = Debug;
		};
		16E096211BC2AF5300D96415 /* Release */ = {
			isa = XCBuildConfiguration;
			buildSettings = {
				BUNDLE_LOADER = "$(TEST_HOST)";
				FRAMEWORK_SEARCH_PATHS = (
					"$(SDKROOT)/Developer/Library/Frameworks",
					"$(inherited)",
					"$(PROJECT_DIR)/ChatFBDemo",
				);
				INFOPLIST_FILE = ChatFBDemoTests/Info.plist;
				LD_RUNPATH_SEARCH_PATHS = "$(inherited) @executable_path/Frameworks @loader_path/Frameworks";
				PRODUCT_NAME = "$(TARGET_NAME)";
				TEST_HOST = "$(BUILT_PRODUCTS_DIR)/ChatFBDemo.app/ChatFBDemo";
			};
			name = Release;
		};
/* End XCBuildConfiguration section */

/* Begin XCConfigurationList section */
		16E095F11BC2AF5300D96415 /* Build configuration list for PBXProject "ChatFBDemo" */ = {
			isa = XCConfigurationList;
			buildConfigurations = (
				16E0961A1BC2AF5300D96415 /* Debug */,
				16E0961B1BC2AF5300D96415 /* Release */,
			);
			defaultConfigurationIsVisible = 0;
			defaultConfigurationName = Release;
		};
		16E0961C1BC2AF5300D96415 /* Build configuration list for PBXNativeTarget "ChatFBDemo" */ = {
			isa = XCConfigurationList;
			buildConfigurations = (
				16E0961D1BC2AF5300D96415 /* Debug */,
				16E0961E1BC2AF5300D96415 /* Release */,
			);
			defaultConfigurationIsVisible = 0;
			defaultConfigurationName = Release;
		};
		16E0961F1BC2AF5300D96415 /* Build configuration list for PBXNativeTarget "ChatFBDemoTests" */ = {
			isa = XCConfigurationList;
			buildConfigurations = (
				16E096201BC2AF5300D96415 /* Debug */,
				16E096211BC2AF5300D96415 /* Release */,
			);
			defaultConfigurationIsVisible = 0;
			defaultConfigurationName = Release;
		};
/* End XCConfigurationList section */

/* Begin XCVersionGroup section */
		16E096001BC2AF5300D96415 /* ChatFBDemo.xcdatamodeld */ = {
			isa = XCVersionGroup;
			children = (
				16E096011BC2AF5300D96415 /* ChatFBDemo.xcdatamodel */,
			);
			currentVersion = 16E096011BC2AF5300D96415 /* ChatFBDemo.xcdatamodel */;
			path = ChatFBDemo.xcdatamodeld;
			sourceTree = "<group>";
			versionGroupType = wrapper.xcdatamodel;
		};
/* End XCVersionGroup section */
	};
	rootObject = 16E095EE1BC2AF5300D96415 /* Project object */;
}
